
Microsoft Visual Studio Solution File, Format Version 12.00
# Visual Studio 15
VisualStudioVersion = 15.0.27428.2002
MinimumVisualStudioVersion = 10.0.40219.1
Project("{FAE04EC0-301F-11D3-BF4B-00C04F79EFBC}") = "SimpleImageGallery", "SimpleImageGallery\SimpleImageGallery.csproj", "{27533F35-E809-4E4C-BB7F-8325883CFCA6}"
EndProject
Project("{FAE04EC0-301F-11D3-BF4B-00C04F79EFBC}") = "SimpleImageGallery.Data", "SimpleImageGallery.Data\SimpleImageGallery.Data.csproj", "{7712B21D-C7E6-43B9-84E7-A9CD7BD2E491}"
EndProject
Global
	GlobalSection(SolutionConfigurationPlatforms) = preSolution
		Debug|Any CPU = Debug|Any CPU
		Release|Any CPU = Release|Any CPU
	EndGlobalSection
	GlobalSection(ProjectConfigurationPlatforms) = postSolution
		{27533F35-E809-4E4C-BB7F-8325883CFCA6}.Debug|Any CPU.ActiveCfg = Debug|Any CPU
		{27533F35-E809-4E4C-BB7F-8325883CFCA6}.Debug|Any CPU.Build.0 = Debug|Any CPU
		{27533F35-E809-4E4C-BB7F-8325883CFCA6}.Release|Any CPU.ActiveCfg = Release|Any CPU
		{27533F35-E809-4E4C-BB7F-8325883CFCA6}.Release|Any CPU.Build.0 = Release|Any CPU
		{7712B21D-C7E6-43B9-84E7-A9CD7BD2E491}.Debug|Any CPU.ActiveCfg = Debug|Any CPU
		{7712B21D-C7E6-43B9-84E7-A9CD7BD2E491}.Debug|Any CPU.Build.0 = Debug|Any CPU
		{7712B21D-C7E6-43B9-84E7-A9CD7BD2E491}.Release|Any CPU.ActiveCfg = Release|Any CPU
		{7712B21D-C7E6-43B9-84E7-A9CD7BD2E491}.Release|Any CPU.Build.0 = Release|Any CPU
	EndGlobalSection
	GlobalSection(SolutionProperties) = preSolution
		HideSolutionNode = FALSE
	EndGlobalSection
	GlobalSection(ExtensibilityGlobals) = postSolution
		SolutionGuid = {171F6B45-370E-4407-86C1-BC94C1BE7E9F}
	EndGlobalSection
EndGlobal
